
Microsoft Visual Studio Solution File, Format Version 12.00
# Visual Studio Version 17
VisualStudioVersion = 17.3.32825.248
MinimumVisualStudioVersion = 10.0.40219.1
Project("{FAE04EC0-301F-11D3-BF4B-00C04F79EFBC}") = "10lb", "10lb\10lb.csproj", "{6F13BA5A-4E93-45AA-A573-5C4DF1D28936}"
EndProject
Global
	GlobalSection(SolutionConfigurationPlatforms) = preSolution
		Debug|Any CPU = Debug|Any CPU
		Release|Any CPU = Release|Any CPU
	EndGlobalSection
	GlobalSection(ProjectConfigurationPlatforms) = postSolution
		{6F13BA5A-4E93-45AA-A573-5C4DF1D28936}.Debug|Any CPU.ActiveCfg = Debug|Any CPU
		{6F13BA5A-4E93-45AA-A573-5C4DF1D28936}.Debug|Any CPU.Build.0 = Debug|Any CPU
		{6F13BA5A-4E93-45AA-A573-5C4DF1D28936}.Release|Any CPU.ActiveCfg = Release|Any CPU
		{6F13BA5A-4E93-45AA-A573-5C4DF1D28936}.Release|Any CPU.Build.0 = Release|Any CPU
	EndGlobalSection
	GlobalSection(SolutionProperties) = preSolution
		HideSolutionNode = FALSE
	EndGlobalSection
	GlobalSection(ExtensibilityGlobals) = postSolution
		SolutionGuid = {3F972E16-B46B-408D-8051-C66022FB8665}
	EndGlobalSection
EndGlobal
